
Microsoft Visual Studio Solution File, Format Version 12.00
# Visual Studio Version 16
VisualStudioVersion = 16.0.29613.14
MinimumVisualStudioVersion = 10.0.40219.1
Project("{FAE04EC0-301F-11D3-BF4B-00C04F79EFBC}") = "Yamaha_App", "Yamaha_App\Yamaha_App\Yamaha_App.csproj", "{E0A55D7A-E056-4AB6-989A-EDCA6974061C}"
EndProject
Project("{FAE04EC0-301F-11D3-BF4B-00C04F79EFBC}") = "Yamaha_App.Android", "Yamaha_App\Yamaha_App.Android\Yamaha_App.Android.csproj", "{704B3F82-4A29-4675-9E94-9463A20B71B5}"
EndProject
Project("{FAE04EC0-301F-11D3-BF4B-00C04F79EFBC}") = "Yamaha_App.iOS", "Yamaha_App\Yamaha_App.iOS\Yamaha_App.iOS.csproj", "{1BAD5CFC-A878-4288-BAB4-3630489CDBC9}"
EndProject
Global
	GlobalSection(SolutionConfigurationPlatforms) = preSolution
		Ad-Hoc|Any CPU = Ad-Hoc|Any CPU
		Ad-Hoc|iPhone = Ad-Hoc|iPhone
		Ad-Hoc|iPhoneSimulator = Ad-Hoc|iPhoneSimulator
		AppStore|Any CPU = AppStore|Any CPU
		AppStore|iPhone = AppStore|iPhone
		AppStore|iPhoneSimulator = AppStore|iPhoneSimulator
		Debug|Any CPU = Debug|Any CPU
		Debug|iPhone = Debug|iPhone
		Debug|iPhoneSimulator = Debug|iPhoneSimulator
		Release|Any CPU = Release|Any CPU
		Release|iPhone = Release|iPhone
		Release|iPhoneSimulator = Release|iPhoneSimulator
	EndGlobalSection
	GlobalSection(ProjectConfigurationPlatforms) = postSolution
		{E0A55D7A-E056-4AB6-989A-EDCA6974061C}.Ad-Hoc|Any CPU.ActiveCfg = Debug|Any CPU
		{E0A55D7A-E056-4AB6-989A-EDCA6974061C}.Ad-Hoc|Any CPU.Build.0 = Debug|Any CPU
		{E0A55D7A-E056-4AB6-989A-EDCA6974061C}.Ad-Hoc|iPhone.ActiveCfg = Debug|Any CPU
		{E0A55D7A-E056-4AB6-989A-EDCA6974061C}.Ad-Hoc|iPhone.Build.0 = Debug|Any CPU
		{E0A55D7A-E056-4AB6-989A-EDCA6974061C}.Ad-Hoc|iPhoneSimulator.ActiveCfg = Debug|Any CPU
		{E0A55D7A-E056-4AB6-989A-EDCA6974061C}.Ad-Hoc|iPhoneSimulator.Build.0 = Debug|Any CPU
		{E0A55D7A-E056-4AB6-989A-EDCA6974061C}.AppStore|Any CPU.ActiveCfg = Debug|Any CPU
		{E0A55D7A-E056-4AB6-989A-EDCA6974061C}.AppStore|Any CPU.Build.0 = Debug|Any CPU
		{E0A55D7A-E056-4AB6-989A-EDCA6974061C}.AppStore|iPhone.ActiveCfg = Debug|Any CPU
		{E0A55D7A-E056-4AB6-989A-EDCA6974061C}.AppStore|iPhone.Build.0 = Debug|Any CPU
		{E0A55D7A-E056-4AB6-989A-EDCA6974061C}.AppStore|iPhoneSimulator.ActiveCfg = Debug|Any CPU
		{E0A55D7A-E056-4AB6-989A-EDCA6974061C}.AppStore|iPhoneSimulator.Build.0 = Debug|Any CPU
		{E0A55D7A-E056-4AB6-989A-EDCA6974061C}.Debug|Any CPU.ActiveCfg = Debug|Any CPU
		{E0A55D7A-E056-4AB6-989A-EDCA6974061C}.Debug|Any CPU.Build.0 = Debug|Any CPU
		{E0A55D7A-E056-4AB6-989A-EDCA6974061C}.Debug|iPhone.ActiveCfg = Debug|Any CPU
		{E0A55D7A-E056-4AB6-989A-EDCA6974061C}.Debug|iPhone.Build.0 = Debug|Any CPU
		{E0A55D7A-E056-4AB6-989A-EDCA6974061C}.Debug|iPhoneSimulator.ActiveCfg = Debug|Any CPU
		{E0A55D7A-E056-4AB6-989A-EDCA6974061C}.Debug|iPhoneSimulator.Build.0 = Debug|Any CPU
		{E0A55D7A-E056-4AB6-989A-EDCA6974061C}.Release|Any CPU.ActiveCfg = Release|Any CPU
		{E0A55D7A-E056-4AB6-989A-EDCA6974061C}.Release|Any CPU.Build.0 = Release|Any CPU
		{E0A55D7A-E056-4AB6-989A-EDCA6974061C}.Release|iPhone.ActiveCfg = Release|Any CPU
		{E0A55D7A-E056-4AB6-989A-EDCA6974061C}.Release|iPhone.Build.0 = Release|Any CPU
		{E0A55D7A-E056-4AB6-989A-EDCA6974061C}.Release|iPhoneSimulator.ActiveCfg = Release|Any CPU
		{E0A55D7A-E056-4AB6-989A-EDCA6974061C}.Release|iPhoneSimulator.Build.0 = Release|Any CPU
		{704B3F82-4A29-4675-9E94-9463A20B71B5}.Ad-Hoc|Any CPU.ActiveCfg = Release|Any CPU
		{704B3F82-4A29-4675-9E94-9463A20B71B5}.Ad-Hoc|Any CPU.Build.0 = Release|Any CPU
		{704B3F82-4A29-4675-9E94-9463A20B71B5}.Ad-Hoc|Any CPU.Deploy.0 = Release|Any CPU
		{704B3F82-4A29-4675-9E94-9463A20B71B5}.Ad-Hoc|iPhone.ActiveCfg = Release|Any CPU
		{704B3F82-4A29-4675-9E94-9463A20B71B5}.Ad-Hoc|iPhone.Build.0 = Release|Any CPU
		{704B3F82-4A29-4675-9E94-9463A20B71B5}.Ad-Hoc|iPhone.Deploy.0 = Release|Any CPU
		{704B3F82-4A29-4675-9E94-9463A20B71B5}.Ad-Hoc|iPhoneSimulator.ActiveCfg = Release|Any CPU
		{704B3F82-4A29-4675-9E94-9463A20B71B5}.Ad-Hoc|iPhoneSimulator.Build.0 = Release|Any CPU
		{704B3F82-4A29-4675-9E94-9463A20B71B5}.Ad-Hoc|iPhoneSimulator.Deploy.0 = Release|Any CPU
		{704B3F82-4A29-4675-9E94-9463A20B71B5}.AppStore|Any CPU.ActiveCfg = Release|Any CPU
		{704B3F82-4A29-4675-9E94-9463A20B71B5}.AppStore|Any CPU.Build.0 = Release|Any CPU
		{704B3F82-4A29-4675-9E94-9463A20B71B5}.AppStore|Any CPU.Deploy.0 = Release|Any CPU
		{704B3F82-4A29-4675-9E94-9463A20B71B5}.AppStore|iPhone.ActiveCfg = Release|Any CPU
		{704B3F82-4A29-4675-9E94-9463A20B71B5}.AppStore|iPhone.Build.0 = Release|Any CPU
		{704B3F82-4A29-4675-9E94-9463A20B71B5}.AppStore|iPhone.Deploy.0 = Release|Any CPU
		{704B3F82-4A29-4675-9E94-9463A20B71B5}.AppStore|iPhoneSimulator.ActiveCfg = Release|Any CPU
		{704B3F82-4A29-4675-9E94-9463A20B71B5}.AppStore|iPhoneSimulator.Build.0 = Release|Any CPU
		{704B3F82-4A29-4675-9E94-9463A20B71B5}.AppStore|iPhoneSimulator.Deploy.0 = Release|Any CPU
		{704B3F82-4A29-4675-9E94-9463A20B71B5}.Debug|Any CPU.ActiveCfg = Debug|Any CPU
		{704B3F82-4A29-4675-9E94-9463A20B71B5}.Debug|Any CPU.Build.0 = Debug|Any CPU
		{704B3F82-4A29-4675-9E94-9463A20B71B5}.Debug|Any CPU.Deploy.0 = Debug|Any CPU
		{704B3F82-4A29-4675-9E94-9463A20B71B5}.Debug|iPhone.ActiveCfg = Debug|Any CPU
		{704B3F82-4A29-4675-9E94-9463A20B71B5}.Debug|iPhone.Build.0 = Debug|Any CPU
		{704B3F82-4A29-4675-9E94-9463A20B71B5}.Debug|iPhone.Deploy.0 = Debug|Any CPU
		{704B3F82-4A29-4675-9E94-9463A20B71B5}.Debug|iPhoneSimulator.ActiveCfg = Debug|Any CPU
		{704B3F82-4A29-4675-9E94-9463A20B71B5}.Debug|iPhoneSimulator.Build.0 = Debug|Any CPU
		{704B3F82-4A29-4675-9E94-9463A20B71B5}.Debug|iPhoneSimulator.Deploy.0 = Debug|Any CPU
		{704B3F82-4A29-4675-9E94-9463A20B71B5}.Release|Any CPU.ActiveCfg = Release|Any CPU
		{704B3F82-4A29-4675-9E94-9463A20B71B5}.Release|Any CPU.Build.0 = Release|Any CPU
		{704B3F82-4A29-4675-9E94-9463A20B71B5}.Release|Any CPU.Deploy.0 = Release|Any CPU
		{704B3F82-4A29-4675-9E94-9463A20B71B5}.Release|iPhone.ActiveCfg = Release|Any CPU
		{704B3F82-4A29-4675-9E94-9463A20B71B5}.Release|iPhone.Build.0 = Release|Any CPU
		{704B3F82-4A29-4675-9E94-9463A20B71B5}.Release|iPhone.Deploy.0 = Release|Any CPU
		{704B3F82-4A29-4675-9E94-9463A20B71B5}.Release|iPhoneSimulator.ActiveCfg = Release|Any CPU
		{704B3F82-4A29-4675-9E94-9463A20B71B5}.Release|iPhoneSimulator.Build.0 = Release|Any CPU
		{704B3F82-4A29-4675-9E94-9463A20B71B5}.Release|iPhoneSimulator.Deploy.0 = Release|Any CPU
		{1BAD5CFC-A878-4288-BAB4-3630489CDBC9}.Ad-Hoc|Any CPU.ActiveCfg = Ad-Hoc|iPhone
		{1BAD5CFC-A878-4288-BAB4-3630489CDBC9}.Ad-Hoc|iPhone.ActiveCfg = Ad-Hoc|iPhone
		{1BAD5CFC-A878-4288-BAB4-3630489CDBC9}.Ad-Hoc|iPhone.Build.0 = Ad-Hoc|iPhone
		{1BAD5CFC-A878-4288-BAB4-3630489CDBC9}.Ad-Hoc|iPhoneSimulator.ActiveCfg = Ad-Hoc|iPhoneSimulator
		{1BAD5CFC-A878-4288-BAB4-3630489CDBC9}.Ad-Hoc|iPhoneSimulator.Build.0 = Ad-Hoc|iPhoneSimulator
		{1BAD5CFC-A878-4288-BAB4-3630489CDBC9}.AppStore|Any CPU.ActiveCfg = AppStore|iPhone
		{1BAD5CFC-A878-4288-BAB4-3630489CDBC9}.AppStore|iPhone.ActiveCfg = AppStore|iPhone
		{1BAD5CFC-A878-4288-BAB4-3630489CDBC9}.AppStore|iPhone.Build.0 = AppStore|iPhone
		{1BAD5CFC-A878-4288-BAB4-3630489CDBC9}.AppStore|iPhoneSimulator.ActiveCfg = AppStore|iPhoneSimulator
		{1BAD5CFC-A878-4288-BAB4-3630489CDBC9}.AppStore|iPhoneSimulator.Build.0 = AppStore|iPhoneSimulator
		{1BAD5CFC-A878-4288-BAB4-3630489CDBC9}.Debug|Any CPU.ActiveCfg = Debug|iPhone
		{1BAD5CFC-A878-4288-BAB4-3630489CDBC9}.Debug|iPhone.ActiveCfg = Debug|iPhone
		{1BAD5CFC-A878-4288-BAB4-3630489CDBC9}.Debug|iPhone.Build.0 = Debug|iPhone
		{1BAD5CFC-A878-4288-BAB4-3630489CDBC9}.Debug|iPhoneSimulator.ActiveCfg = Debug|iPhoneSimulator
		{1BAD5CFC-A878-4288-BAB4-3630489CDBC9}.Debug|iPhoneSimulator.Build.0 = Debug|iPhoneSimulator
		{1BAD5CFC-A878-4288-BAB4-3630489CDBC9}.Release|Any CPU.ActiveCfg = Release|iPhone
		{1BAD5CFC-A878-4288-BAB4-3630489CDBC9}.Release|iPhone.ActiveCfg = Release|iPhone
		{1BAD5CFC-A878-4288-BAB4-3630489CDBC9}.Release|iPhone.Build.0 = Release|iPhone
		{1BAD5CFC-A878-4288-BAB4-3630489CDBC9}.Release|iPhoneSimulator.ActiveCfg = Release|iPhoneSimulator
		{1BAD5CFC-A878-4288-BAB4-3630489CDBC9}.Release|iPhoneSimulator.Build.0 = Release|iPhoneSimulator
	EndGlobalSection
	GlobalSection(SolutionProperties) = preSolution
		HideSolutionNode = FALSE
	EndGlobalSection
	GlobalSection(ExtensibilityGlobals) = postSolution
		SolutionGuid = {4D164C2A-63BC-4994-974D-B6E63C41D197}
	EndGlobalSection
EndGlobal
